
Microsoft Visual Studio Solution File, Format Version 12.00
# Visual Studio Version 17
VisualStudioVersion = 17.8.34330.188
MinimumVisualStudioVersion = 10.0.40219.1
Project("{FAE04EC0-301F-11D3-BF4B-00C04F79EFBC}") = "ConsoleApp1", "ConsoleApp1.csproj", "{52B0407C-0969-48C1-9B3E-5013DE60C967}"
EndProject
Project("{FAE04EC0-301F-11D3-BF4B-00C04F79EFBC}") = "XUnitProject", "..\XUnitProject\XUnitProject.csproj", "{771054DE-F0F2-4171-A049-E817F918D5F5}"
EndProject
Global
	GlobalSection(SolutionConfigurationPlatforms) = preSolution
		Debug|Any CPU = Debug|Any CPU
		Release|Any CPU = Release|Any CPU
	EndGlobalSection
	GlobalSection(ProjectConfigurationPlatforms) = postSolution
		{52B0407C-0969-48C1-9B3E-5013DE60C967}.Debug|Any CPU.ActiveCfg = Debug|Any CPU
		{52B0407C-0969-48C1-9B3E-5013DE60C967}.Debug|Any CPU.Build.0 = Debug|Any CPU
		{52B0407C-0969-48C1-9B3E-5013DE60C967}.Release|Any CPU.ActiveCfg = Release|Any CPU
		{52B0407C-0969-48C1-9B3E-5013DE60C967}.Release|Any CPU.Build.0 = Release|Any CPU
		{771054DE-F0F2-4171-A049-E817F918D5F5}.Debug|Any CPU.ActiveCfg = Debug|Any CPU
		{771054DE-F0F2-4171-A049-E817F918D5F5}.Debug|Any CPU.Build.0 = Debug|Any CPU
		{771054DE-F0F2-4171-A049-E817F918D5F5}.Release|Any CPU.ActiveCfg = Release|Any CPU
		{771054DE-F0F2-4171-A049-E817F918D5F5}.Release|Any CPU.Build.0 = Release|Any CPU
	EndGlobalSection
	GlobalSection(SolutionProperties) = preSolution
		HideSolutionNode = FALSE
	EndGlobalSection
	GlobalSection(ExtensibilityGlobals) = postSolution
		SolutionGuid = {F4446D24-9B51-4AEB-B266-39ABAE81F421}
	EndGlobalSection
EndGlobal
